
Microsoft Visual Studio Solution File, Format Version 12.00
# Visual Studio Version 17
VisualStudioVersion = 17.3.32901.215
MinimumVisualStudioVersion = 10.0.40219.1
Project("{9A19103F-16F7-4668-BE54-9A1E7A4F7556}") = "Employees.API", "Employees.API.csproj", "{C88D3EA2-CCED-44E6-9543-83EEB10241A1}"
EndProject
Project("{9A19103F-16F7-4668-BE54-9A1E7A4F7556}") = "ApiTests", "..\ApiTests\ApiTests.csproj", "{FEB1C0FB-FD4A-422D-BC70-34339F6517CA}"
EndProject
Project("{FAE04EC0-301F-11D3-BF4B-00C04F79EFBC}") = "BussinessLayer", "..\BussinessLayer\BussinessLayer.csproj", "{E3C32B28-D32B-4AEF-B8DE-BB0E9F0FF11F}"
EndProject
Project("{FAE04EC0-301F-11D3-BF4B-00C04F79EFBC}") = "DataAccessLayer", "..\DataAccessLayer\DataAccessLayer.csproj", "{BD108BF7-35C7-41EE-A7A5-EA65D7BBBA62}"
EndProject
Global
	GlobalSection(SolutionConfigurationPlatforms) = preSolution
		Debug|Any CPU = Debug|Any CPU
		Release|Any CPU = Release|Any CPU
	EndGlobalSection
	GlobalSection(ProjectConfigurationPlatforms) = postSolution
		{C88D3EA2-CCED-44E6-9543-83EEB10241A1}.Debug|Any CPU.ActiveCfg = Debug|Any CPU
		{C88D3EA2-CCED-44E6-9543-83EEB10241A1}.Debug|Any CPU.Build.0 = Debug|Any CPU
		{C88D3EA2-CCED-44E6-9543-83EEB10241A1}.Release|Any CPU.ActiveCfg = Release|Any CPU
		{C88D3EA2-CCED-44E6-9543-83EEB10241A1}.Release|Any CPU.Build.0 = Release|Any CPU
		{FEB1C0FB-FD4A-422D-BC70-34339F6517CA}.Debug|Any CPU.ActiveCfg = Debug|Any CPU
		{FEB1C0FB-FD4A-422D-BC70-34339F6517CA}.Debug|Any CPU.Build.0 = Debug|Any CPU
		{FEB1C0FB-FD4A-422D-BC70-34339F6517CA}.Release|Any CPU.ActiveCfg = Release|Any CPU
		{FEB1C0FB-FD4A-422D-BC70-34339F6517CA}.Release|Any CPU.Build.0 = Release|Any CPU
		{E3C32B28-D32B-4AEF-B8DE-BB0E9F0FF11F}.Debug|Any CPU.ActiveCfg = Debug|Any CPU
		{E3C32B28-D32B-4AEF-B8DE-BB0E9F0FF11F}.Debug|Any CPU.Build.0 = Debug|Any CPU
		{E3C32B28-D32B-4AEF-B8DE-BB0E9F0FF11F}.Release|Any CPU.ActiveCfg = Release|Any CPU
		{E3C32B28-D32B-4AEF-B8DE-BB0E9F0FF11F}.Release|Any CPU.Build.0 = Release|Any CPU
		{BD108BF7-35C7-41EE-A7A5-EA65D7BBBA62}.Debug|Any CPU.ActiveCfg = Debug|Any CPU
		{BD108BF7-35C7-41EE-A7A5-EA65D7BBBA62}.Debug|Any CPU.Build.0 = Debug|Any CPU
		{BD108BF7-35C7-41EE-A7A5-EA65D7BBBA62}.Release|Any CPU.ActiveCfg = Release|Any CPU
		{BD108BF7-35C7-41EE-A7A5-EA65D7BBBA62}.Release|Any CPU.Build.0 = Release|Any CPU
	EndGlobalSection
	GlobalSection(SolutionProperties) = preSolution
		HideSolutionNode = FALSE
	EndGlobalSection
	GlobalSection(ExtensibilityGlobals) = postSolution
		SolutionGuid = {CFE69D82-F1A5-459C-BE36-5059A20DB37A}
	EndGlobalSection
EndGlobal
